
Microsoft Visual Studio Solution File, Format Version 12.00
# Visual Studio Version 17
VisualStudioVersion = 17.5.33530.505
MinimumVisualStudioVersion = 10.0.40219.1
Project("{9A19103F-16F7-4668-BE54-9A1E7A4F7556}") = "Console App Logger", "Console App Logger\Console App Logger.csproj", "{3098DF75-04C6-499C-ACD0-16DF63D99398}"
EndProject
Global
	GlobalSection(SolutionConfigurationPlatforms) = preSolution
		Debug|Any CPU = Debug|Any CPU
		Release|Any CPU = Release|Any CPU
	EndGlobalSection
	GlobalSection(ProjectConfigurationPlatforms) = postSolution
		{3098DF75-04C6-499C-ACD0-16DF63D99398}.Debug|Any CPU.ActiveCfg = Debug|Any CPU
		{3098DF75-04C6-499C-ACD0-16DF63D99398}.Debug|Any CPU.Build.0 = Debug|Any CPU
		{3098DF75-04C6-499C-ACD0-16DF63D99398}.Release|Any CPU.ActiveCfg = Release|Any CPU
		{3098DF75-04C6-499C-ACD0-16DF63D99398}.Release|Any CPU.Build.0 = Release|Any CPU
	EndGlobalSection
	GlobalSection(SolutionProperties) = preSolution
		HideSolutionNode = FALSE
	EndGlobalSection
	GlobalSection(ExtensibilityGlobals) = postSolution
		SolutionGuid = {19F26256-E4A6-40DF-9446-79C20D422BE0}
	EndGlobalSection
EndGlobal
